
Microsoft Visual Studio Solution File, Format Version 12.00
# Visual Studio Version 17
VisualStudioVersion = 17.0.31903.59
MinimumVisualStudioVersion = 10.0.40219.1
Project("{FAE04EC0-301F-11D3-BF4B-00C04F79EFBC}") = "FireForce.Domain", "FireForce.Domain\FireForce.Domain.csproj", "{DA17A546-CEAC-422D-80A6-B30A27F55406}"
EndProject
Project("{FAE04EC0-301F-11D3-BF4B-00C04F79EFBC}") = "FireForce.Infrastructure", "FireForce.Infrastructure\FireForce.Infrastructure.csproj", "{5B8995C9-FCB0-4345-AE73-A801543D333F}"
EndProject
Project("{FAE04EC0-301F-11D3-BF4B-00C04F79EFBC}") = "FireForce.Application", "FireForce.Application\FireForce.Application.csproj", "{A507DB06-AE72-41ED-B4BD-3C243EFD473F}"
EndProject
Project("{FAE04EC0-301F-11D3-BF4B-00C04F79EFBC}") = "FireForce.Web", "FireForce.Web\FireForce.Web.csproj", "{581A81E3-ACDA-4082-A8B1-3255C793B4F3}"
EndProject
Global
	GlobalSection(SolutionConfigurationPlatforms) = preSolution
		Debug|Any CPU = Debug|Any CPU
		Debug|x64 = Debug|x64
		Debug|x86 = Debug|x86
		Release|Any CPU = Release|Any CPU
		Release|x64 = Release|x64
		Release|x86 = Release|x86
	EndGlobalSection
	GlobalSection(ProjectConfigurationPlatforms) = postSolution
		{DA17A546-CEAC-422D-80A6-B30A27F55406}.Debug|Any CPU.ActiveCfg = Debug|Any CPU
		{DA17A546-CEAC-422D-80A6-B30A27F55406}.Debug|Any CPU.Build.0 = Debug|Any CPU
		{DA17A546-CEAC-422D-80A6-B30A27F55406}.Debug|x64.ActiveCfg = Debug|Any CPU
		{DA17A546-CEAC-422D-80A6-B30A27F55406}.Debug|x64.Build.0 = Debug|Any CPU
		{DA17A546-CEAC-422D-80A6-B30A27F55406}.Debug|x86.ActiveCfg = Debug|Any CPU
		{DA17A546-CEAC-422D-80A6-B30A27F55406}.Debug|x86.Build.0 = Debug|Any CPU
		{DA17A546-CEAC-422D-80A6-B30A27F55406}.Release|Any CPU.ActiveCfg = Release|Any CPU
		{DA17A546-CEAC-422D-80A6-B30A27F55406}.Release|Any CPU.Build.0 = Release|Any CPU
		{DA17A546-CEAC-422D-80A6-B30A27F55406}.Release|x64.ActiveCfg = Release|Any CPU
		{DA17A546-CEAC-422D-80A6-B30A27F55406}.Release|x64.Build.0 = Release|Any CPU
		{DA17A546-CEAC-422D-80A6-B30A27F55406}.Release|x86.ActiveCfg = Release|Any CPU
		{DA17A546-CEAC-422D-80A6-B30A27F55406}.Release|x86.Build.0 = Release|Any CPU
		{5B8995C9-FCB0-4345-AE73-A801543D333F}.Debug|Any CPU.ActiveCfg = Debug|Any CPU
		{5B8995C9-FCB0-4345-AE73-A801543D333F}.Debug|Any CPU.Build.0 = Debug|Any CPU
		{5B8995C9-FCB0-4345-AE73-A801543D333F}.Debug|x64.ActiveCfg = Debug|Any CPU
		{5B8995C9-FCB0-4345-AE73-A801543D333F}.Debug|x64.Build.0 = Debug|Any CPU
		{5B8995C9-FCB0-4345-AE73-A801543D333F}.Debug|x86.ActiveCfg = Debug|Any CPU
		{5B8995C9-FCB0-4345-AE73-A801543D333F}.Debug|x86.Build.0 = Debug|Any CPU
		{5B8995C9-FCB0-4345-AE73-A801543D333F}.Release|Any CPU.ActiveCfg = Release|Any CPU
		{5B8995C9-FCB0-4345-AE73-A801543D333F}.Release|Any CPU.Build.0 = Release|Any CPU
		{5B8995C9-FCB0-4345-AE73-A801543D333F}.Release|x64.ActiveCfg = Release|Any CPU
		{5B8995C9-FCB0-4345-AE73-A801543D333F}.Release|x64.Build.0 = Release|Any CPU
		{5B8995C9-FCB0-4345-AE73-A801543D333F}.Release|x86.ActiveCfg = Release|Any CPU
		{5B8995C9-FCB0-4345-AE73-A801543D333F}.Release|x86.Build.0 = Release|Any CPU
		{A507DB06-AE72-41ED-B4BD-3C243EFD473F}.Debug|Any CPU.ActiveCfg = Debug|Any CPU
		{A507DB06-AE72-41ED-B4BD-3C243EFD473F}.Debug|Any CPU.Build.0 = Debug|Any CPU
		{A507DB06-AE72-41ED-B4BD-3C243EFD473F}.Debug|x64.ActiveCfg = Debug|Any CPU
		{A507DB06-AE72-41ED-B4BD-3C243EFD473F}.Debug|x64.Build.0 = Debug|Any CPU
		{A507DB06-AE72-41ED-B4BD-3C243EFD473F}.Debug|x86.ActiveCfg = Debug|Any CPU
		{A507DB06-AE72-41ED-B4BD-3C243EFD473F}.Debug|x86.Build.0 = Debug|Any CPU
		{A507DB06-AE72-41ED-B4BD-3C243EFD473F}.Release|Any CPU.ActiveCfg = Release|Any CPU
		{A507DB06-AE72-41ED-B4BD-3C243EFD473F}.Release|Any CPU.Build.0 = Release|Any CPU
		{A507DB06-AE72-41ED-B4BD-3C243EFD473F}.Release|x64.ActiveCfg = Release|Any CPU
		{A507DB06-AE72-41ED-B4BD-3C243EFD473F}.Release|x64.Build.0 = Release|Any CPU
		{A507DB06-AE72-41ED-B4BD-3C243EFD473F}.Release|x86.ActiveCfg = Release|Any CPU
		{A507DB06-AE72-41ED-B4BD-3C243EFD473F}.Release|x86.Build.0 = Release|Any CPU
		{581A81E3-ACDA-4082-A8B1-3255C793B4F3}.Debug|Any CPU.ActiveCfg = Debug|Any CPU
		{581A81E3-ACDA-4082-A8B1-3255C793B4F3}.Debug|Any CPU.Build.0 = Debug|Any CPU
		{581A81E3-ACDA-4082-A8B1-3255C793B4F3}.Debug|x64.ActiveCfg = Debug|Any CPU
		{581A81E3-ACDA-4082-A8B1-3255C793B4F3}.Debug|x64.Build.0 = Debug|Any CPU
		{581A81E3-ACDA-4082-A8B1-3255C793B4F3}.Debug|x86.ActiveCfg = Debug|Any CPU
		{581A81E3-ACDA-4082-A8B1-3255C793B4F3}.Debug|x86.Build.0 = Debug|Any CPU
		{581A81E3-ACDA-4082-A8B1-3255C793B4F3}.Release|Any CPU.ActiveCfg = Release|Any CPU
		{581A81E3-ACDA-4082-A8B1-3255C793B4F3}.Release|Any CPU.Build.0 = Release|Any CPU
		{581A81E3-ACDA-4082-A8B1-3255C793B4F3}.Release|x64.ActiveCfg = Release|Any CPU
		{581A81E3-ACDA-4082-A8B1-3255C793B4F3}.Release|x64.Build.0 = Release|Any CPU
		{581A81E3-ACDA-4082-A8B1-3255C793B4F3}.Release|x86.ActiveCfg = Release|Any CPU
		{581A81E3-ACDA-4082-A8B1-3255C793B4F3}.Release|x86.Build.0 = Release|Any CPU
	EndGlobalSection
	GlobalSection(SolutionProperties) = preSolution
		HideSolutionNode = FALSE
	EndGlobalSection
EndGlobal
